
Microsoft Visual Studio Solution File, Format Version 12.00
# Visual Studio Version 17
VisualStudioVersion = 17.0.31919.166
MinimumVisualStudioVersion = 10.0.40219.1
Project("{9A19103F-16F7-4668-BE54-9A1E7A4F7556}") = "TranslatorExplorer", "TranslatorExplorer\TranslatorExplorer.csproj", "{30C5E4DE-BF48-4B9B-9AFF-929693E06D41}"
EndProject
Project("{9A19103F-16F7-4668-BE54-9A1E7A4F7556}") = "TranslatorLib", "TranslatorLib\TranslatorLib.csproj", "{55AC2CBF-777C-4ACB-B065-216586DA1356}"
EndProject
Project("{9A19103F-16F7-4668-BE54-9A1E7A4F7556}") = "Translator", "Translator\Translator.csproj", "{2354CD0C-C6C5-40D0-B74A-DE348B04E150}"
EndProject
Project("{2150E333-8FDC-42A3-9474-1A3956D46DE8}") = "Solution Items", "Solution Items", "{0C9E7B32-EB5F-4592-AB5D-01BCDEC4961D}"
	ProjectSection(SolutionItems) = preProject
		LICENSE = LICENSE
		README.md = README.md
	EndProjectSection
EndProject
Global
	GlobalSection(SolutionConfigurationPlatforms) = preSolution
		Debug|Any CPU = Debug|Any CPU
		Release|Any CPU = Release|Any CPU
	EndGlobalSection
	GlobalSection(ProjectConfigurationPlatforms) = postSolution
		{30C5E4DE-BF48-4B9B-9AFF-929693E06D41}.Debug|Any CPU.ActiveCfg = Debug|Any CPU
		{30C5E4DE-BF48-4B9B-9AFF-929693E06D41}.Debug|Any CPU.Build.0 = Debug|Any CPU
		{30C5E4DE-BF48-4B9B-9AFF-929693E06D41}.Release|Any CPU.ActiveCfg = Release|Any CPU
		{30C5E4DE-BF48-4B9B-9AFF-929693E06D41}.Release|Any CPU.Build.0 = Release|Any CPU
		{55AC2CBF-777C-4ACB-B065-216586DA1356}.Debug|Any CPU.ActiveCfg = Debug|Any CPU
		{55AC2CBF-777C-4ACB-B065-216586DA1356}.Debug|Any CPU.Build.0 = Debug|Any CPU
		{55AC2CBF-777C-4ACB-B065-216586DA1356}.Release|Any CPU.ActiveCfg = Release|Any CPU
		{55AC2CBF-777C-4ACB-B065-216586DA1356}.Release|Any CPU.Build.0 = Release|Any CPU
		{2354CD0C-C6C5-40D0-B74A-DE348B04E150}.Debug|Any CPU.ActiveCfg = Debug|Any CPU
		{2354CD0C-C6C5-40D0-B74A-DE348B04E150}.Debug|Any CPU.Build.0 = Debug|Any CPU
		{2354CD0C-C6C5-40D0-B74A-DE348B04E150}.Release|Any CPU.ActiveCfg = Release|Any CPU
		{2354CD0C-C6C5-40D0-B74A-DE348B04E150}.Release|Any CPU.Build.0 = Release|Any CPU
	EndGlobalSection
	GlobalSection(SolutionProperties) = preSolution
		HideSolutionNode = FALSE
	EndGlobalSection
	GlobalSection(ExtensibilityGlobals) = postSolution
		SolutionGuid = {A460C238-0EE9-414B-A447-4DE9C1783D6A}
	EndGlobalSection
EndGlobal
